
Microsoft Visual Studio Solution File, Format Version 12.00
# Visual Studio Version 16
VisualStudioVersion = 16.0.31205.134
MinimumVisualStudioVersion = 10.0.40219.1
Project("{FAE04EC0-301F-11D3-BF4B-00C04F79EFBC}") = "fukuv0602", "fukuv0602\fukuv0602.csproj", "{B8FE40A8-4F24-4C55-9AD0-EA9BD0D63E57}"
EndProject
Global
	GlobalSection(SolutionConfigurationPlatforms) = preSolution
		Debug|Any CPU = Debug|Any CPU
		Release|Any CPU = Release|Any CPU
	EndGlobalSection
	GlobalSection(ProjectConfigurationPlatforms) = postSolution
		{B8FE40A8-4F24-4C55-9AD0-EA9BD0D63E57}.Debug|Any CPU.ActiveCfg = Debug|Any CPU
		{B8FE40A8-4F24-4C55-9AD0-EA9BD0D63E57}.Debug|Any CPU.Build.0 = Debug|Any CPU
		{B8FE40A8-4F24-4C55-9AD0-EA9BD0D63E57}.Release|Any CPU.ActiveCfg = Release|Any CPU
		{B8FE40A8-4F24-4C55-9AD0-EA9BD0D63E57}.Release|Any CPU.Build.0 = Release|Any CPU
	EndGlobalSection
	GlobalSection(SolutionProperties) = preSolution
		HideSolutionNode = FALSE
	EndGlobalSection
	GlobalSection(ExtensibilityGlobals) = postSolution
		SolutionGuid = {6B5726F5-DDA2-4F8D-9197-15578E53CB0A}
	EndGlobalSection
EndGlobal
